
Microsoft Visual Studio Solution File, Format Version 12.00
Project("{FAE04EC0-301F-11D3-BF4B-00C04F79EFBC}") = "DataCompression", "DataCompression\DataCompression.csproj", "{93832A32-F3EA-4A37-B0D1-04ABF5C1D424}"
EndProject
Project("{FAE04EC0-301F-11D3-BF4B-00C04F79EFBC}") = "DataCompression.Tests", "DataCompression.Tests\DataCompression.Tests.csproj", "{AAC2143D-7694-40A1-B68B-7146DFF45AE6}"
EndProject
Global
	GlobalSection(SolutionConfigurationPlatforms) = preSolution
		Debug|Any CPU = Debug|Any CPU
		Release|Any CPU = Release|Any CPU
	EndGlobalSection
	GlobalSection(ProjectConfigurationPlatforms) = postSolution
		{93832A32-F3EA-4A37-B0D1-04ABF5C1D424}.Debug|Any CPU.ActiveCfg = Debug|Any CPU
		{93832A32-F3EA-4A37-B0D1-04ABF5C1D424}.Debug|Any CPU.Build.0 = Debug|Any CPU
		{93832A32-F3EA-4A37-B0D1-04ABF5C1D424}.Release|Any CPU.ActiveCfg = Release|Any CPU
		{93832A32-F3EA-4A37-B0D1-04ABF5C1D424}.Release|Any CPU.Build.0 = Release|Any CPU
		{AAC2143D-7694-40A1-B68B-7146DFF45AE6}.Debug|Any CPU.ActiveCfg = Debug|Any CPU
		{AAC2143D-7694-40A1-B68B-7146DFF45AE6}.Debug|Any CPU.Build.0 = Debug|Any CPU
		{AAC2143D-7694-40A1-B68B-7146DFF45AE6}.Release|Any CPU.ActiveCfg = Release|Any CPU
		{AAC2143D-7694-40A1-B68B-7146DFF45AE6}.Release|Any CPU.Build.0 = Release|Any CPU
	EndGlobalSection
EndGlobal
